
Microsoft Visual Studio Solution File, Format Version 12.00
# Visual Studio Version 16
VisualStudioVersion = 16.0.30907.101
MinimumVisualStudioVersion = 10.0.40219.1
Project("{FAE04EC0-301F-11D3-BF4B-00C04F79EFBC}") = "MvcOnlineTicariOtomasyon", "MvcOnlineTicariOtomasyon\MvcOnlineTicariOtomasyon.csproj", "{181B9D39-63DD-4EE5-B3D7-33A72BAF4A59}"
EndProject
Global
	GlobalSection(SolutionConfigurationPlatforms) = preSolution
		Debug|Any CPU = Debug|Any CPU
		Release|Any CPU = Release|Any CPU
	EndGlobalSection
	GlobalSection(ProjectConfigurationPlatforms) = postSolution
		{181B9D39-63DD-4EE5-B3D7-33A72BAF4A59}.Debug|Any CPU.ActiveCfg = Debug|Any CPU
		{181B9D39-63DD-4EE5-B3D7-33A72BAF4A59}.Debug|Any CPU.Build.0 = Debug|Any CPU
		{181B9D39-63DD-4EE5-B3D7-33A72BAF4A59}.Release|Any CPU.ActiveCfg = Release|Any CPU
		{181B9D39-63DD-4EE5-B3D7-33A72BAF4A59}.Release|Any CPU.Build.0 = Release|Any CPU
	EndGlobalSection
	GlobalSection(SolutionProperties) = preSolution
		HideSolutionNode = FALSE
	EndGlobalSection
	GlobalSection(ExtensibilityGlobals) = postSolution
		SolutionGuid = {7326A223-3606-4FD0-BC43-A351E4B109FF}
	EndGlobalSection
EndGlobal
